// !$*UTF8*$!
{
	archiveVersion = 1;
	classes = {
	};
	objectVersion = 56;
	objects = {

/* Begin PBXBuildFile section */
		8ED337CD2C05DAB000AE3CC8 /* AppDelegate.swift in Sources */ = {isa = PBXBuildFile; fileRef = 8ED337CC2C05DAB000AE3CC8 /* AppDelegate.swift */; };
		8ED337CF2C05DAB000AE3CC8 /* SceneDelegate.swift in Sources */ = {isa = PBXBuildFile; fileRef = 8ED337CE2C05DAB000AE3CC8 /* SceneDelegate.swift */; };
		8ED337D12C05DAB000AE3CC8 /* ViewController.swift in Sources */ = {isa = PBXBuildFile; fileRef = 8ED337D02C05DAB000AE3CC8 /* ViewController.swift */; };
		8ED337D42C05DAB000AE3CC8 /* Base in Resources */ = {isa = PBXBuildFile; fileRef = 8ED337D32C05DAB000AE3CC8 /* Base */; };
		8ED337D62C05DAB100AE3CC8 /* Assets.xcassets in Resources */ = {isa = PBXBuildFile; fileRef = 8ED337D52C05DAB100AE3CC8 /* Assets.xcassets */; };
		8ED337D92C05DAB100AE3CC8 /* Base in Resources */ = {isa = PBXBuildFile; fileRef = 8ED337D82C05DAB100AE3CC8 /* Base */; };
		934B69C2CC6D248E1B53C3B8 /* Pods_build_test.framework in Frameworks */ = {isa = PBXBuildFile; fileRef = CC56EE9A19ED62454DA55797 /* Pods_build_test.framework */; };
/* End PBXBuildFile section */

/* Begin PBXFileReference section */
		24681E5161AE797B148B42EA /* Pods-build-test.release.xcconfig */ = {isa = PBXFileReference; includeInIndex = 1; lastKnownFileType = text.xcconfig; name = "Pods-build-test.release.xcconfig"; path = "Target Support Files/Pods-build-test/Pods-build-test.release.xcconfig"; sourceTree = "<group>"; };
		87874A2E2BFE7A233727997B /* Pods-build-test.debug.xcconfig */ = {isa = PBXFileReference; includeInIndex = 1; lastKnownFileType = text.xcconfig; name = "Pods-build-test.debug.xcconfig"; path = "Target Support Files/Pods-build-test/Pods-build-test.debug.xcconfig"; sourceTree = "<group>"; };
		8ED337C92C05DAB000AE3CC8 /* build-test.app */ = {isa = PBXFileReference; explicitFileType = wrapper.application; includeInIndex = 0; path = "build-test.app"; sourceTree = BUILT_PRODUCTS_DIR; };
		8ED337CC2C05DAB000AE3CC8 /* AppDelegate.swift */ = {isa = PBXFileReference; lastKnownFileType = sourcecode.swift; path = AppDelegate.swift; sourceTree = "<group>"; };
		8ED337CE2C05DAB000AE3CC8 /* SceneDelegate.swift */ = {isa = PBXFileReference; lastKnownFileType = sourcecode.swift; path = SceneDelegate.swift; sourceTree = "<group>"; };
		8ED337D02C05DAB000AE3CC8 /* ViewController.swift */ = {isa = PBXFileReference; lastKnownFileType = sourcecode.swift; path = ViewController.swift; sourceTree = "<group>"; };
		8ED337D32C05DAB000AE3CC8 /* Base */ = {isa = PBXFileReference; lastKnownFileType = file.storyboard; name = Base; path = Base.lproj/Main.storyboard; sourceTree = "<group>"; };
		8ED337D52C05DAB100AE3CC8 /* Assets.xcassets */ = {isa = PBXFileReference; lastKnownFileType = folder.assetcatalog; path = Assets.xcassets; sourceTree = "<group>"; };
		8ED337D82C05DAB100AE3CC8 /* Base */ = {isa = PBXFileReference; lastKnownFileType = file.storyboard; name = Base; path = Base.lproj/LaunchScreen.storyboard; sourceTree = "<group>"; };
		8ED337DA2C05DAB100AE3CC8 /* Info.plist */ = {isa = PBXFileReference; lastKnownFileType = text.plist.xml; path = Info.plist; sourceTree = "<group>"; };
		CC56EE9A19ED62454DA55797 /* Pods_build_test.framework */ = {isa = PBXFileReference; explicitFileType = wrapper.framework; includeInIndex = 0; path = Pods_build_test.framework; sourceTree = BUILT_PRODUCTS_DIR; };
/* End PBXFileReference section */

/* Begin PBXFrameworksBuildPhase section */
		8ED337C62C05DAB000AE3CC8 /* Frameworks */ = {
			isa = PBXFrameworksBuildPhase;
			buildActionMask = 2147483647;
			files = (
				934B69C2CC6D248E1B53C3B8 /* Pods_build_test.framework in Frameworks */,
			);
			runOnlyForDeploymentPostprocessing = 0;
		};
/* End PBXFrameworksBuildPhase section */

/* Begin PBXGroup section */
		5DD82D0E41FC4A705344DB67 /* Frameworks */ = {
			isa = PBXGroup;
			children = (
				CC56EE9A19ED62454DA55797 /* Pods_build_test.framework */,
			);
			name = Frameworks;
			sourceTree = "<group>";
		};
		82249C558AE25C0FD2265664 /* Pods */ = {
			isa = PBXGroup;
			children = (
				87874A2E2BFE7A233727997B /* Pods-build-test.debug.xcconfig */,
				24681E5161AE797B148B42EA /* Pods-build-test.release.xcconfig */,
			);
			name = Pods;
			path = Pods;
			sourceTree = "<group>";
		};
		8ED337C02C05DAB000AE3CC8 = {
			isa = PBXGroup;
			children = (
				8ED337CB2C05DAB000AE3CC8 /* build-test */,
				8ED337CA2C05DAB000AE3CC8 /* Products */,
				82249C558AE25C0FD2265664 /* Pods */,
				5DD82D0E41FC4A705344DB67 /* Frameworks */,
			);
			sourceTree = "<group>";
		};
		8ED337CA2C05DAB000AE3CC8 /* Products */ = {
			isa = PBXGroup;
			children = (
				8ED337C92C05DAB000AE3CC8 /* build-test.app */,
			);
			name = Products;
			sourceTree = "<group>";
		};
		8ED337CB2C05DAB000AE3CC8 /* build-test */ = {
			isa = PBXGroup;
			children = (
				8ED337CC2C05DAB000AE3CC8 /* AppDelegate.swift */,
				8ED337CE2C05DAB000AE3CC8 /* SceneDelegate.swift */,
				8ED337D02C05DAB000AE3CC8 /* ViewController.swift */,
				8ED337D22C05DAB000AE3CC8 /* Main.storyboard */,
				8ED337D52C05DAB100AE3CC8 /* Assets.xcassets */,
				8ED337D72C05DAB100AE3CC8 /* LaunchScreen.storyboard */,
				8ED337DA2C05DAB100AE3CC8 /* Info.plist */,
			);
			path = "build-test";
			sourceTree = "<group>";
		};
/* End PBXGroup section */

/* Begin PBXNativeTarget section */
		8ED337C82C05DAB000AE3CC8 /* build-test */ = {
			isa = PBXNativeTarget;
			buildConfigurationList = 8ED337DD2C05DAB100AE3CC8 /* Build configuration list for PBXNativeTarget "build-test" */;
			buildPhases = (
				A59E1A8792F9FA515F45F35F /* [CP] Check Pods Manifest.lock */,
				8ED337C52C05DAB000AE3CC8 /* Sources */,
				8ED337C62C05DAB000AE3CC8 /* Frameworks */,
				8ED337C72C05DAB000AE3CC8 /* Resources */,
			);
			buildRules = (
			);
			dependencies = (
			);
			name = "build-test";
			productName = "build-test";
			productReference = 8ED337C92C05DAB000AE3CC8 /* build-test.app */;
			productType = "com.apple.product-type.application";
		};
/* End PBXNativeTarget section */

/* Begin PBXProject section */
		8ED337C12C05DAB000AE3CC8 /* Project object */ = {
			isa = PBXProject;
			attributes = {
				BuildIndependentTargetsInParallel = 1;
				LastSwiftUpdateCheck = 1540;
				LastUpgradeCheck = 1540;
				TargetAttributes = {
					8ED337C82C05DAB000AE3CC8 = {
						CreatedOnToolsVersion = 15.4;
					};
				};
			};
			buildConfigurationList = 8ED337C42C05DAB000AE3CC8 /* Build configuration list for PBXProject "build-test" */;
			compatibilityVersion = "Xcode 14.0";
			developmentRegion = en;
			hasScannedForEncodings = 0;
			knownRegions = (
				en,
				Base,
			);
			mainGroup = 8ED337C02C05DAB000AE3CC8;
			productRefGroup = 8ED337CA2C05DAB000AE3CC8 /* Products */;
			projectDirPath = "";
			projectRoot = "";
			targets = (
				8ED337C82C05DAB000AE3CC8 /* build-test */,
			);
		};
/* End PBXProject section */

/* Begin PBXResourcesBuildPhase section */
		8ED337C72C05DAB000AE3CC8 /* Resources */ = {
			isa = PBXResourcesBuildPhase;
			buildActionMask = 2147483647;
			files = (
				8ED337D62C05DAB100AE3CC8 /* Assets.xcassets in Resources */,
				8ED337D92C05DAB100AE3CC8 /* Base in Resources */,
				8ED337D42C05DAB000AE3CC8 /* Base in Resources */,
			);
			runOnlyForDeploymentPostprocessing = 0;
		};
/* End PBXResourcesBuildPhase section */

/* Begin PBXShellScriptBuildPhase section */
		A59E1A8792F9FA515F45F35F /* [CP] Check Pods Manifest.lock */ = {
			isa = PBXShellScriptBuildPhase;
			buildActionMask = 2147483647;
			files = (
			);
			inputFileListPaths = (
			);
			inputPaths = (
				"${PODS_PODFILE_DIR_PATH}/Podfile.lock",
				"${PODS_ROOT}/Manifest.lock",
			);
			name = "[CP] Check Pods Manifest.lock";
			outputFileListPaths = (
			);
			outputPaths = (
				"$(DERIVED_FILE_DIR)/Pods-build-test-checkManifestLockResult.txt",
			);
			runOnlyForDeploymentPostprocessing = 0;
			shellPath = /bin/sh;
			shellScript = "diff \"${PODS_PODFILE_DIR_PATH}/Podfile.lock\" \"${PODS_ROOT}/Manifest.lock\" > /dev/null\nif [ $? != 0 ] ; then\n    # print error to STDERR\n    echo \"error: The sandbox is not in sync with the Podfile.lock. Run 'pod install' or update your CocoaPods installation.\" >&2\n    exit 1\nfi\n# This output is used by Xcode 'outputs' to avoid re-running this script phase.\necho \"SUCCESS\" > \"${SCRIPT_OUTPUT_FILE_0}\"\n";
			showEnvVarsInLog = 0;
		};
/* End PBXShellScriptBuildPhase section */

/* Begin PBXSourcesBuildPhase section */
		8ED337C52C05DAB000AE3CC8 /* Sources */ = {
			isa = PBXSourcesBuildPhase;
			buildActionMask = 2147483647;
			files = (
				8ED337D12C05DAB000AE3CC8 /* ViewController.swift in Sources */,
				8ED337CD2C05DAB000AE3CC8 /* AppDelegate.swift in Sources */,
				8ED337CF2C05DAB000AE3CC8 /* SceneDelegate.swift in Sources */,
			);
			runOnlyForDeploymentPostprocessing = 0;
		};
/* End PBXSourcesBuildPhase section */

/* Begin PBXVariantGroup section */
		8ED337D22C05DAB000AE3CC8 /* Main.storyboard */ = {
			isa = PBXVariantGroup;
			children = (
				8ED337D32C05DAB000AE3CC8 /* Base */,
			);
			name = Main.storyboard;
			sourceTree = "<group>";
		};
		8ED337D72C05DAB100AE3CC8 /* LaunchScreen.storyboard */ = {
			isa = PBXVariantGroup;
			children = (
				8ED337D82C05DAB100AE3CC8 /* Base */,
			);
			name = LaunchScreen.storyboard;
			sourceTree = "<group>";
		};
/* End PBXVariantGroup section */

/* Begin XCBuildConfiguration section */
		8ED337DB2C05DAB100AE3CC8 /* Debug */ = {
			isa = XCBuildConfiguration;
			buildSettings = {
				ALWAYS_SEARCH_USER_PATHS = NO;
				ASSETCATALOG_COMPILER_GENERATE_SWIFT_ASSET_SYMBOL_EXTENSIONS = YES;
				CLANG_ANALYZER_NONNULL = YES;
				CLANG_ANALYZER_NUMBER_OBJECT_CONVERSION = YES_AGGRESSIVE;
				CLANG_CXX_LANGUAGE_STANDARD = "gnu++20";
				CLANG_ENABLE_MODULES = YES;
				CLANG_ENABLE_OBJC_ARC = YES;
				CLANG_ENABLE_OBJC_WEAK = YES;
				CLANG_WARN_BLOCK_CAPTURE_AUTORELEASING = YES;
				CLANG_WARN_BOOL_CONVERSION = YES;
				CLANG_WARN_COMMA = YES;
				CLANG_WARN_CONSTANT_CONVERSION = YES;
				CLANG_WARN_DEPRECATED_OBJC_IMPLEMENTATIONS = YES;
				CLANG_WARN_DIRECT_OBJC_ISA_USAGE = YES_ERROR;
				CLANG_WARN_DOCUMENTATION_COMMENTS = YES;
				CLANG_WARN_EMPTY_BODY = YES;
				CLANG_WARN_ENUM_CONVERSION = YES;
				CLANG_WARN_INFINITE_RECURSION = YES;
				CLANG_WARN_INT_CONVERSION = YES;
				CLANG_WARN_NON_LITERAL_NULL_CONVERSION = YES;
				CLANG_WARN_OBJC_IMPLICIT_RETAIN_SELF = YES;
				CLANG_WARN_OBJC_LITERAL_CONVERSION = YES;
				CLANG_WARN_OBJC_ROOT_CLASS = YES_ERROR;
				CLANG_WARN_QUOTED_INCLUDE_IN_FRAMEWORK_HEADER = YES;
				CLANG_WARN_RANGE_LOOP_ANALYSIS = YES;
				CLANG_WARN_STRICT_PROTOTYPES = YES;
				CLANG_WARN_SUSPICIOUS_MOVE = YES;
				CLANG_WARN_UNGUARDED_AVAILABILITY = YES_AGGRESSIVE;
				CLANG_WARN_UNREACHABLE_CODE = YES;
				CLANG_WARN__DUPLICATE_METHOD_MATCH = YES;
				COPY_PHASE_STRIP = NO;
				DEBUG_INFORMATION_FORMAT = dwarf;
				ENABLE_STRICT_OBJC_MSGSEND = YES;
				ENABLE_TESTABILITY = YES;
				ENABLE_USER_SCRIPT_SANDBOXING = YES;
				GCC_C_LANGUAGE_STANDARD = gnu17;
				GCC_DYNAMIC_NO_PIC = NO;
				GCC_NO_COMMON_BLOCKS = YES;
				GCC_OPTIMIZATION_LEVEL = 0;
				GCC_PREPROCESSOR_DEFINITIONS = (
					"DEBUG=1",
					"$(inherited)",
				);
				GCC_WARN_64_TO_32_BIT_CONVERSION = YES;
				GCC_WARN_ABOUT_RETURN_TYPE = YES_ERROR;
				GCC_WARN_UNDECLARED_SELECTOR = YES;
				GCC_WARN_UNINITIALIZED_AUTOS = YES_AGGRESSIVE;
				GCC_WARN_UNUSED_FUNCTION = YES;
				GCC_WARN_UNUSED_VARIABLE = YES;
				IPHONEOS_DEPLOYMENT_TARGET = 17.5;
				LOCALIZATION_PREFERS_STRING_CATALOGS = YES;
				MTL_ENABLE_DEBUG_INFO = INCLUDE_SOURCE;
				MTL_FAST_MATH = YES;
				ONLY_ACTIVE_ARCH = YES;
				SDKROOT = iphoneos;
				SWIFT_ACTIVE_COMPILATION_CONDITIONS = "DEBUG $(inherited)";
				SWIFT_OPTIMIZATION_LEVEL = "-Onone";
			};
			name = Debug;
		};
		8ED337DC2C05DAB100AE3CC8 /* Release */ = {
			isa = XCBuildConfiguration;
			buildSettings = {
				ALWAYS_SEARCH_USER_PATHS = NO;
				ASSETCATALOG_COMPILER_GENERATE_SWIFT_ASSET_SYMBOL_EXTENSIONS = YES;
				CLANG_ANALYZER_NONNULL = YES;
				CLANG_ANALYZER_NUMBER_OBJECT_CONVERSION = YES_AGGRESSIVE;
				CLANG_CXX_LANGUAGE_STANDARD = "gnu++20";
				CLANG_ENABLE_MODULES = YES;
				CLANG_ENABLE_OBJC_ARC = YES;
				CLANG_ENABLE_OBJC_WEAK = YES;
				CLANG_WARN_BLOCK_CAPTURE_AUTORELEASING = YES;
				CLANG_WARN_BOOL_CONVERSION = YES;
				CLANG_WARN_COMMA = YES;
				CLANG_WARN_CONSTANT_CONVERSION = YES;
				CLANG_WARN_DEPRECATED_OBJC_IMPLEMENTATIONS = YES;
				CLANG_WARN_DIRECT_OBJC_ISA_USAGE = YES_ERROR;
				CLANG_WARN_DOCUMENTATION_COMMENTS = YES;
				CLANG_WARN_EMPTY_BODY = YES;
				CLANG_WARN_ENUM_CONVERSION = YES;
				CLANG_WARN_INFINITE_RECURSION = YES;
				CLANG_WARN_INT_CONVERSION = YES;
				CLANG_WARN_NON_LITERAL_NULL_CONVERSION = YES;
				CLANG_WARN_OBJC_IMPLICIT_RETAIN_SELF = YES;
				CLANG_WARN_OBJC_LITERAL_CONVERSION = YES;
				CLANG_WARN_OBJC_ROOT_CLASS = YES_ERROR;
				CLANG_WARN_QUOTED_INCLUDE_IN_FRAMEWORK_HEADER = YES;
				CLANG_WARN_RANGE_LOOP_ANALYSIS = YES;
				CLANG_WARN_STRICT_PROTOTYPES = YES;
				CLANG_WARN_SUSPICIOUS_MOVE = YES;
				CLANG_WARN_UNGUARDED_AVAILABILITY = YES_AGGRESSIVE;
				CLANG_WARN_UNREACHABLE_CODE = YES;
				CLANG_WARN__DUPLICATE_METHOD_MATCH = YES;
				COPY_PHASE_STRIP = NO;
				DEBUG_INFORMATION_FORMAT = "dwarf-with-dsym";
				ENABLE_NS_ASSERTIONS = NO;
				ENABLE_STRICT_OBJC_MSGSEND = YES;
				ENABLE_USER_SCRIPT_SANDBOXING = YES;
				GCC_C_LANGUAGE_STANDARD = gnu17;
				GCC_NO_COMMON_BLOCKS = YES;
				GCC_WARN_64_TO_32_BIT_CONVERSION = YES;
				GCC_WARN_ABOUT_RETURN_TYPE = YES_ERROR;
				GCC_WARN_UNDECLARED_SELECTOR = YES;
				GCC_WARN_UNINITIALIZED_AUTOS = YES_AGGRESSIVE;
				GCC_WARN_UNUSED_FUNCTION = YES;
				GCC_WARN_UNUSED_VARIABLE = YES;
				IPHONEOS_DEPLOYMENT_TARGET = 17.5;
				LOCALIZATION_PREFERS_STRING_CATALOGS = YES;
				MTL_ENABLE_DEBUG_INFO = NO;
				MTL_FAST_MATH = YES;
				SDKROOT = iphoneos;
				SWIFT_COMPILATION_MODE = wholemodule;
				VALIDATE_PRODUCT = YES;
			};
			name = Release;
		};
		8ED337DE2C05DAB100AE3CC8 /* Debug */ = {
			isa = XCBuildConfiguration;
			baseConfigurationReference = 87874A2E2BFE7A233727997B /* Pods-build-test.debug.xcconfig */;
			buildSettings = {
				ASSETCATALOG_COMPILER_APPICON_NAME = AppIcon;
				ASSETCATALOG_COMPILER_GLOBAL_ACCENT_COLOR_NAME = AccentColor;
				CODE_SIGN_STYLE = Automatic;
				CURRENT_PROJECT_VERSION = 1;
				DEVELOPMENT_TEAM = 7T336ZJ3L2;
				GENERATE_INFOPLIST_FILE = YES;
				INFOPLIST_FILE = "build-test/Info.plist";
				INFOPLIST_KEY_UIApplicationSupportsIndirectInputEvents = YES;
				INFOPLIST_KEY_UILaunchStoryboardName = LaunchScreen;
				INFOPLIST_KEY_UIMainStoryboardFile = Main;
				INFOPLIST_KEY_UISupportedInterfaceOrientations_iPad = "UIInterfaceOrientationPortrait UIInterfaceOrientationPortraitUpsideDown UIInterfaceOrientationLandscapeLeft UIInterfaceOrientationLandscapeRight";
				INFOPLIST_KEY_UISupportedInterfaceOrientations_iPhone = "UIInterfaceOrientationPortrait UIInterfaceOrientationLandscapeLeft UIInterfaceOrientationLandscapeRight";
				LD_RUNPATH_SEARCH_PATHS = (
					"$(inherited)",
					"@executable_path/Frameworks",
				);
				MARKETING_VERSION = 1.0;
				PRODUCT_BUNDLE_IDENTIFIER = "shanyuli.build-test";
				PRODUCT_NAME = "$(TARGET_NAME)";
				SWIFT_EMIT_LOC_STRINGS = YES;
				SWIFT_VERSION = 5.0;
				TARGETED_DEVICE_FAMILY = "1,2";
			};
			name = Debug;
		};
		8ED337DF2C05DAB100AE3CC8 /* Release */ = {
			isa = XCBuildConfiguration;
			baseConfigurationReference = 24681E5161AE797B148B42EA /* Pods-build-test.release.xcconfig */;
			buildSettings = {
				ASSETCATALOG_COMPILER_APPICON_NAME = AppIcon;
				ASSETCATALOG_COMPILER_GLOBAL_ACCENT_COLOR_NAME = AccentColor;
				CODE_SIGN_STYLE = Automatic;
				CURRENT_PROJECT_VERSION = 1;
				DEVELOPMENT_TEAM = 7T336ZJ3L2;
				GENERATE_INFOPLIST_FILE = YES;
				INFOPLIST_FILE = "build-test/Info.plist";
				INFOPLIST_KEY_UIApplicationSupportsIndirectInputEvents = YES;
				INFOPLIST_KEY_UILaunchStoryboardName = LaunchScreen;
				INFOPLIST_KEY_UIMainStoryboardFile = Main;
				INFOPLIST_KEY_UISupportedInterfaceOrientations_iPad = "UIInterfaceOrientationPortrait UIInterfaceOrientationPortraitUpsideDown UIInterfaceOrientationLandscapeLeft UIInterfaceOrientationLandscapeRight";
				INFOPLIST_KEY_UISupportedInterfaceOrientations_iPhone = "UIInterfaceOrientationPortrait UIInterfaceOrientationLandscapeLeft UIInterfaceOrientationLandscapeRight";
				LD_RUNPATH_SEARCH_PATHS = (
					"$(inherited)",
					"@executable_path/Frameworks",
				);
				MARKETING_VERSION = 1.0;
				PRODUCT_BUNDLE_IDENTIFIER = "shanyuli.build-test";
				PRODUCT_NAME = "$(TARGET_NAME)";
				SWIFT_EMIT_LOC_STRINGS = YES;
				SWIFT_VERSION = 5.0;
				TARGETED_DEVICE_FAMILY = "1,2";
			};
			name = Release;
		};
/* End XCBuildConfiguration section */

/* Begin XCConfigurationList section */
		8ED337C42C05DAB000AE3CC8 /* Build configuration list for PBXProject "build-test" */ = {
			isa = XCConfigurationList;
			buildConfigurations = (
				8ED337DB2C05DAB100AE3CC8 /* Debug */,
				8ED337DC2C05DAB100AE3CC8 /* Release */,
			);
			defaultConfigurationIsVisible = 0;
			defaultConfigurationName = Release;
		};
		8ED337DD2C05DAB100AE3CC8 /* Build configuration list for PBXNativeTarget "build-test" */ = {
			isa = XCConfigurationList;
			buildConfigurations = (
				8ED337DE2C05DAB100AE3CC8 /* Debug */,
				8ED337DF2C05DAB100AE3CC8 /* Release */,
			);
			defaultConfigurationIsVisible = 0;
			defaultConfigurationName = Release;
		};
/* End XCConfigurationList section */
	};
	rootObject = 8ED337C12C05DAB000AE3CC8 /* Project object */;
}
